Microsoft Visual Studio Solution File, Format Version 10.00
# Visual Studio 2008

Project("{6416E8CB-5FC0-A208-D94F-A7F5A300DBC4}") = "Warehouse", "Assembly-CSharp-firstpass.csproj", "{C54D21CC-3D7A-DFFA-5F11-8D2B552FD4EA}"
EndProject
Project("{6416E8CB-5FC0-A208-D94F-A7F5A300DBC4}") = "Warehouse", "Assembly-CSharp.csproj", "{8CC12399-ED07-B7B0-781F-8CC32C00B47A}"
EndProject
Project("{6416E8CB-5FC0-A208-D94F-A7F5A300DBC4}") = "Warehouse", "Assembly-CSharp-Editor.csproj", "{884EDCCC-4C43-BC3A-DE1B-F9E206CF636C}"
EndProject
Project("{6416E8CB-5FC0-A208-D94F-A7F5A300DBC4}") = "Warehouse", "Assembly-UnityScript-firstpass.unityproj", "{FF06DF48-3685-9BC6-27DD-90DB84F754FF}"
EndProject
Project("{6416E8CB-5FC0-A208-D94F-A7F5A300DBC4}") = "Warehouse", "Assembly-UnityScript.unityproj", "{35AF95BE-9F1F-21B0-9D15-472EC37CD749}"
EndProject
Project("{6416E8CB-5FC0-A208-D94F-A7F5A300DBC4}") = "Warehouse", "Assembly-UnityScript-Editor.unityproj", "{BA9C1AA7-B69A-5803-D80E-857BDFD9A599}"
EndProject
Global
	GlobalSection(SolutionConfigurationPlatforms) = preSolution
		Debug|Any CPU = Debug|Any CPU
		Release|Any CPU = Release|Any CPU
	EndGlobalSection
	GlobalSection(ProjectConfigurationPlatforms) = postSolution
		{C54D21CC-3D7A-DFFA-5F11-8D2B552FD4EA}.Debug|Any CPU.ActiveCfg = Debug|Any CPU
		{C54D21CC-3D7A-DFFA-5F11-8D2B552FD4EA}.Debug|Any CPU.Build.0 = Debug|Any CPU
		{C54D21CC-3D7A-DFFA-5F11-8D2B552FD4EA}.Release|Any CPU.ActiveCfg = Release|Any CPU
		{C54D21CC-3D7A-DFFA-5F11-8D2B552FD4EA}.Release|Any CPU.Build.0 = Release|Any CPU
		{8CC12399-ED07-B7B0-781F-8CC32C00B47A}.Debug|Any CPU.ActiveCfg = Debug|Any CPU
		{8CC12399-ED07-B7B0-781F-8CC32C00B47A}.Debug|Any CPU.Build.0 = Debug|Any CPU
		{8CC12399-ED07-B7B0-781F-8CC32C00B47A}.Release|Any CPU.ActiveCfg = Release|Any CPU
		{8CC12399-ED07-B7B0-781F-8CC32C00B47A}.Release|Any CPU.Build.0 = Release|Any CPU
		{884EDCCC-4C43-BC3A-DE1B-F9E206CF636C}.Debug|Any CPU.ActiveCfg = Debug|Any CPU
		{884EDCCC-4C43-BC3A-DE1B-F9E206CF636C}.Debug|Any CPU.Build.0 = Debug|Any CPU
		{884EDCCC-4C43-BC3A-DE1B-F9E206CF636C}.Release|Any CPU.ActiveCfg = Release|Any CPU
		{884EDCCC-4C43-BC3A-DE1B-F9E206CF636C}.Release|Any CPU.Build.0 = Release|Any CPU
		{FF06DF48-3685-9BC6-27DD-90DB84F754FF}.Debug|Any CPU.ActiveCfg = Debug|Any CPU
		{FF06DF48-3685-9BC6-27DD-90DB84F754FF}.Debug|Any CPU.Build.0 = Debug|Any CPU
		{FF06DF48-3685-9BC6-27DD-90DB84F754FF}.Release|Any CPU.ActiveCfg = Release|Any CPU
		{FF06DF48-3685-9BC6-27DD-90DB84F754FF}.Release|Any CPU.Build.0 = Release|Any CPU
		{35AF95BE-9F1F-21B0-9D15-472EC37CD749}.Debug|Any CPU.ActiveCfg = Debug|Any CPU
		{35AF95BE-9F1F-21B0-9D15-472EC37CD749}.Debug|Any CPU.Build.0 = Debug|Any CPU
		{35AF95BE-9F1F-21B0-9D15-472EC37CD749}.Release|Any CPU.ActiveCfg = Release|Any CPU
		{35AF95BE-9F1F-21B0-9D15-472EC37CD749}.Release|Any CPU.Build.0 = Release|Any CPU
		{BA9C1AA7-B69A-5803-D80E-857BDFD9A599}.Debug|Any CPU.ActiveCfg = Debug|Any CPU
		{BA9C1AA7-B69A-5803-D80E-857BDFD9A599}.Debug|Any CPU.Build.0 = Debug|Any CPU
		{BA9C1AA7-B69A-5803-D80E-857BDFD9A599}.Release|Any CPU.ActiveCfg = Release|Any CPU
		{BA9C1AA7-B69A-5803-D80E-857BDFD9A599}.Release|Any CPU.Build.0 = Release|Any CPU
	EndGlobalSection
	GlobalSection(SolutionProperties) = preSolution
		HideSolutionNode = FALSE
	EndGlobalSection
	
EndGlobal
